// !$*UTF8*$!
{
	archiveVersion = 1;
	classes = {
	};
	objectVersion = 55;
	objects = {

/* Begin PBXBuildFile section */
		D9EE18B66662898600135D8B /* Pods_CAMMP_MAP.framework in Frameworks */ = {isa = PBXBuildFile; fileRef = 4C3AC4C6B8A8276DEE4805CE /* Pods_CAMMP_MAP.framework */; };
		E49DE8BE289C492900FBE3F4 /* CAMMP_MAPApp.swift in Sources */ = {isa = PBXBuildFile; fileRef = E49DE8BD289C492900FBE3F4 /* CAMMP_MAPApp.swift */; };
		E49DE8C0289C492900FBE3F4 /*  MapSearchScene.swift in Sources */ = {isa = PBXBuildFile; fileRef = E49DE8BF289C492900FBE3F4 /*  MapSearchScene.swift */; };
		E49DE8C2289C492A00FBE3F4 /* Assets.xcassets in Resources */ = {isa = PBXBuildFile; fileRef = E49DE8C1289C492A00FBE3F4 /* Assets.xcassets */; };
		E49DE8C5289C492A00FBE3F4 /* Preview Assets.xcassets in Resources */ = {isa = PBXBuildFile; fileRef = E49DE8C4289C492A00FBE3F4 /* Preview Assets.xcassets */; };
		E49DE8CD289C496800FBE3F4 /* MapStyle.json in Resources */ = {isa = PBXBuildFile; fileRef = E49DE8CC289C496800FBE3F4 /* MapStyle.json */; };
		E49DE8D1289C4F9F00FBE3F4 /* MainMapView.swift in Sources */ = {isa = PBXBuildFile; fileRef = E49DE8D0289C4F9F00FBE3F4 /* MainMapView.swift */; };
		E49DE8D5289C507C00FBE3F4 /* LocationManager.swift in Sources */ = {isa = PBXBuildFile; fileRef = E49DE8D4289C507C00FBE3F4 /* LocationManager.swift */; };
		E49DE8D7289C5F0600FBE3F4 /* PruebaText.swift in Sources */ = {isa = PBXBuildFile; fileRef = E49DE8D6289C5F0600FBE3F4 /* PruebaText.swift */; };
		E49DE8D9289C653100FBE3F4 /* SettingsButton.swift in Sources */ = {isa = PBXBuildFile; fileRef = E49DE8D8289C653100FBE3F4 /* SettingsButton.swift */; };
/* End PBXBuildFile section */

/* Begin PBXFileReference section */
		44333AF3466E85FE84A37C45 /* Pods-CAMMP-MAP.debug.xcconfig */ = {isa = PBXFileReference; includeInIndex = 1; lastKnownFileType = text.xcconfig; name = "Pods-CAMMP-MAP.debug.xcconfig"; path = "Target Support Files/Pods-CAMMP-MAP/Pods-CAMMP-MAP.debug.xcconfig"; sourceTree = "<group>"; };
		4C3AC4C6B8A8276DEE4805CE /* Pods_CAMMP_MAP.framework */ = {isa = PBXFileReference; explicitFileType = wrapper.framework; includeInIndex = 0; path = Pods_CAMMP_MAP.framework; sourceTree = BUILT_PRODUCTS_DIR; };
		DB10843536C7814528EF83B6 /* Pods-CAMMP-MAP.release.xcconfig */ = {isa = PBXFileReference; includeInIndex = 1; lastKnownFileType = text.xcconfig; name = "Pods-CAMMP-MAP.release.xcconfig"; path = "Target Support Files/Pods-CAMMP-MAP/Pods-CAMMP-MAP.release.xcconfig"; sourceTree = "<group>"; };
		E49DE8BA289C492900FBE3F4 /* CAMMP-MAP.app */ = {isa = PBXFileReference; explicitFileType = wrapper.application; includeInIndex = 0; path = "CAMMP-MAP.app"; sourceTree = BUILT_PRODUCTS_DIR; };
		E49DE8BD289C492900FBE3F4 /* CAMMP_MAPApp.swift */ = {isa = PBXFileReference; lastKnownFileType = sourcecode.swift; path = CAMMP_MAPApp.swift; sourceTree = "<group>"; };
		E49DE8BF289C492900FBE3F4 /*  MapSearchScene.swift */ = {isa = PBXFileReference; lastKnownFileType = sourcecode.swift; path = " MapSearchScene.swift"; sourceTree = "<group>"; };
		E49DE8C1289C492A00FBE3F4 /* Assets.xcassets */ = {isa = PBXFileReference; lastKnownFileType = folder.assetcatalog; path = Assets.xcassets; sourceTree = "<group>"; };
		E49DE8C4289C492A00FBE3F4 /* Preview Assets.xcassets */ = {isa = PBXFileReference; lastKnownFileType = folder.assetcatalog; path = "Preview Assets.xcassets"; sourceTree = "<group>"; };
		E49DE8CC289C496800FBE3F4 /* MapStyle.json */ = {isa = PBXFileReference; lastKnownFileType = text.json; path = MapStyle.json; sourceTree = "<group>"; };
		E49DE8D0289C4F9F00FBE3F4 /* MainMapView.swift */ = {isa = PBXFileReference; lastKnownFileType = sourcecode.swift; path = MainMapView.swift; sourceTree = "<group>"; };
		E49DE8D2289C4FD100FBE3F4 /* Info.plist */ = {isa = PBXFileReference; lastKnownFileType = text.plist; path = Info.plist; sourceTree = "<group>"; };
		E49DE8D4289C507C00FBE3F4 /* LocationManager.swift */ = {isa = PBXFileReference; lastKnownFileType = sourcecode.swift; path = LocationManager.swift; sourceTree = "<group>"; };
		E49DE8D6289C5F0600FBE3F4 /* PruebaText.swift */ = {isa = PBXFileReference; lastKnownFileType = sourcecode.swift; path = PruebaText.swift; sourceTree = "<group>"; };
		E49DE8D8289C653100FBE3F4 /* SettingsButton.swift */ = {isa = PBXFileReference; lastKnownFileType = sourcecode.swift; path = SettingsButton.swift; sourceTree = "<group>"; };
/* End PBXFileReference section */

/* Begin PBXFrameworksBuildPhase section */
		E49DE8B7289C492900FBE3F4 /* Frameworks */ = {
			isa = PBXFrameworksBuildPhase;
			buildActionMask = 2147483647;
			files = (
				D9EE18B66662898600135D8B /* Pods_CAMMP_MAP.framework in Frameworks */,
			);
			runOnlyForDeploymentPostprocessing = 0;
		};
/* End PBXFrameworksBuildPhase section */

/* Begin PBXGroup section */
		919BD6671C17A9434CF9E866 /* Pods */ = {
			isa = PBXGroup;
			children = (
				44333AF3466E85FE84A37C45 /* Pods-CAMMP-MAP.debug.xcconfig */,
				DB10843536C7814528EF83B6 /* Pods-CAMMP-MAP.release.xcconfig */,
			);
			path = Pods;
			sourceTree = "<group>";
		};
		CC59F7AA6DB50E8388741A82 /* Frameworks */ = {
			isa = PBXGroup;
			children = (
				4C3AC4C6B8A8276DEE4805CE /* Pods_CAMMP_MAP.framework */,
			);
			name = Frameworks;
			sourceTree = "<group>";
		};
		E49DE8B1289C492900FBE3F4 = {
			isa = PBXGroup;
			children = (
				E49DE8BC289C492900FBE3F4 /* CAMMP-MAP */,
				E49DE8BB289C492900FBE3F4 /* Products */,
				919BD6671C17A9434CF9E866 /* Pods */,
				CC59F7AA6DB50E8388741A82 /* Frameworks */,
			);
			sourceTree = "<group>";
		};
		E49DE8BB289C492900FBE3F4 /* Products */ = {
			isa = PBXGroup;
			children = (
				E49DE8BA289C492900FBE3F4 /* CAMMP-MAP.app */,
			);
			name = Products;
			sourceTree = "<group>";
		};
		E49DE8BC289C492900FBE3F4 /* CAMMP-MAP */ = {
			isa = PBXGroup;
			children = (
				E49DE8D3289C506D00FBE3F4 /* Managers */,
				E49DE8D2289C4FD100FBE3F4 /* Info.plist */,
				E49DE8CB289C494E00FBE3F4 /* Resources */,
				E49DE8CE289C49A800FBE3F4 /* Scenes */,
				E49DE8BD289C492900FBE3F4 /* CAMMP_MAPApp.swift */,
				E49DE8C1289C492A00FBE3F4 /* Assets.xcassets */,
				E49DE8C3289C492A00FBE3F4 /* Preview Content */,
			);
			path = "CAMMP-MAP";
			sourceTree = "<group>";
		};
		E49DE8C3289C492A00FBE3F4 /* Preview Content */ = {
			isa = PBXGroup;
			children = (
				E49DE8C4289C492A00FBE3F4 /* Preview Assets.xcassets */,
			);
			path = "Preview Content";
			sourceTree = "<group>";
		};
		E49DE8CB289C494E00FBE3F4 /* Resources */ = {
			isa = PBXGroup;
			children = (
				E49DE8CC289C496800FBE3F4 /* MapStyle.json */,
			);
			path = Resources;
			sourceTree = "<group>";
		};
		E49DE8CE289C49A800FBE3F4 /* Scenes */ = {
			isa = PBXGroup;
			children = (
				E49DE8CF289C4F6C00FBE3F4 /* Views */,
				E49DE8BF289C492900FBE3F4 /*  MapSearchScene.swift */,
			);
			path = Scenes;
			sourceTree = "<group>";
		};
		E49DE8CF289C4F6C00FBE3F4 /* Views */ = {
			isa = PBXGroup;
			children = (
				E49DE8D0289C4F9F00FBE3F4 /* MainMapView.swift */,
				E49DE8D6289C5F0600FBE3F4 /* PruebaText.swift */,
				E49DE8D8289C653100FBE3F4 /* SettingsButton.swift */,
			);
			path = Views;
			sourceTree = "<group>";
		};
		E49DE8D3289C506D00FBE3F4 /* Managers */ = {
			isa = PBXGroup;
			children = (
				E49DE8D4289C507C00FBE3F4 /* LocationManager.swift */,
			);
			path = Managers;
			sourceTree = "<group>";
		};
/* End PBXGroup section */

/* Begin PBXNativeTarget section */
		E49DE8B9289C492900FBE3F4 /* CAMMP-MAP */ = {
			isa = PBXNativeTarget;
			buildConfigurationList = E49DE8C8289C492A00FBE3F4 /* Build configuration list for PBXNativeTarget "CAMMP-MAP" */;
			buildPhases = (
				72C4F81E5B03564CE19C5D71 /* [CP] Check Pods Manifest.lock */,
				E49DE8B6289C492900FBE3F4 /* Sources */,
				E49DE8B7289C492900FBE3F4 /* Frameworks */,
				E49DE8B8289C492900FBE3F4 /* Resources */,
				FF0A6063E51BAC7BDCC643FA /* [CP] Copy Pods Resources */,
			);
			buildRules = (
			);
			dependencies = (
			);
			name = "CAMMP-MAP";
			productName = "CAMMP-MAP";
			productReference = E49DE8BA289C492900FBE3F4 /* CAMMP-MAP.app */;
			productType = "com.apple.product-type.application";
		};
/* End PBXNativeTarget section */

/* Begin PBXProject section */
		E49DE8B2289C492900FBE3F4 /* Project object */ = {
			isa = PBXProject;
			attributes = {
				BuildIndependentTargetsInParallel = 1;
				LastSwiftUpdateCheck = 1340;
				LastUpgradeCheck = 1340;
				TargetAttributes = {
					E49DE8B9289C492900FBE3F4 = {
						CreatedOnToolsVersion = 13.4.1;
					};
				};
			};
			buildConfigurationList = E49DE8B5289C492900FBE3F4 /* Build configuration list for PBXProject "CAMMP-MAP" */;
			compatibilityVersion = "Xcode 13.0";
			developmentRegion = en;
			hasScannedForEncodings = 0;
			knownRegions = (
				en,
				Base,
			);
			mainGroup = E49DE8B1289C492900FBE3F4;
			productRefGroup = E49DE8BB289C492900FBE3F4 /* Products */;
			projectDirPath = "";
			projectRoot = "";
			targets = (
				E49DE8B9289C492900FBE3F4 /* CAMMP-MAP */,
			);
		};
/* End PBXProject section */

/* Begin PBXResourcesBuildPhase section */
		E49DE8B8289C492900FBE3F4 /* Resources */ = {
			isa = PBXResourcesBuildPhase;
			buildActionMask = 2147483647;
			files = (
				E49DE8CD289C496800FBE3F4 /* MapStyle.json in Resources */,
				E49DE8C5289C492A00FBE3F4 /* Preview Assets.xcassets in Resources */,
				E49DE8C2289C492A00FBE3F4 /* Assets.xcassets in Resources */,
			);
			runOnlyForDeploymentPostprocessing = 0;
		};
/* End PBXResourcesBuildPhase section */

/* Begin PBXShellScriptBuildPhase section */
		72C4F81E5B03564CE19C5D71 /* [CP] Check Pods Manifest.lock */ = {
			isa = PBXShellScriptBuildPhase;
			buildActionMask = 2147483647;
			files = (
			);
			inputFileListPaths = (
			);
			inputPaths = (
				"${PODS_PODFILE_DIR_PATH}/Podfile.lock",
				"${PODS_ROOT}/Manifest.lock",
			);
			name = "[CP] Check Pods Manifest.lock";
			outputFileListPaths = (
			);
			outputPaths = (
				"$(DERIVED_FILE_DIR)/Pods-CAMMP-MAP-checkManifestLockResult.txt",
			);
			runOnlyForDeploymentPostprocessing = 0;
			shellPath = /bin/sh;
			shellScript = "diff \"${PODS_PODFILE_DIR_PATH}/Podfile.lock\" \"${PODS_ROOT}/Manifest.lock\" > /dev/null\nif [ $? != 0 ] ; then\n    # print error to STDERR\n    echo \"error: The sandbox is not in sync with the Podfile.lock. Run 'pod install' or update your CocoaPods installation.\" >&2\n    exit 1\nfi\n# This output is used by Xcode 'outputs' to avoid re-running this script phase.\necho \"SUCCESS\" > \"${SCRIPT_OUTPUT_FILE_0}\"\n";
			showEnvVarsInLog = 0;
		};
		FF0A6063E51BAC7BDCC643FA /* [CP] Copy Pods Resources */ = {
			isa = PBXShellScriptBuildPhase;
			buildActionMask = 2147483647;
			files = (
			);
			inputFileListPaths = (
				"${PODS_ROOT}/Target Support Files/Pods-CAMMP-MAP/Pods-CAMMP-MAP-resources-${CONFIGURATION}-input-files.xcfilelist",
			);
			name = "[CP] Copy Pods Resources";
			outputFileListPaths = (
				"${PODS_ROOT}/Target Support Files/Pods-CAMMP-MAP/Pods-CAMMP-MAP-resources-${CONFIGURATION}-output-files.xcfilelist",
			);
			runOnlyForDeploymentPostprocessing = 0;
			shellPath = /bin/sh;
			shellScript = "\"${PODS_ROOT}/Target Support Files/Pods-CAMMP-MAP/Pods-CAMMP-MAP-resources.sh\"\n";
			showEnvVarsInLog = 0;
		};
/* End PBXShellScriptBuildPhase section */

/* Begin PBXSourcesBuildPhase section */
		E49DE8B6289C492900FBE3F4 /* Sources */ = {
			isa = PBXSourcesBuildPhase;
			buildActionMask = 2147483647;
			files = (
				E49DE8D5289C507C00FBE3F4 /* LocationManager.swift in Sources */,
				E49DE8D1289C4F9F00FBE3F4 /* MainMapView.swift in Sources */,
				E49DE8C0289C492900FBE3F4 /*  MapSearchScene.swift in Sources */,
				E49DE8BE289C492900FBE3F4 /* CAMMP_MAPApp.swift in Sources */,
				E49DE8D9289C653100FBE3F4 /* SettingsButton.swift in Sources */,
				E49DE8D7289C5F0600FBE3F4 /* PruebaText.swift in Sources */,
			);
			runOnlyForDeploymentPostprocessing = 0;
		};
/* End PBXSourcesBuildPhase section */

/* Begin XCBuildConfiguration section */
		E49DE8C6289C492A00FBE3F4 /* Debug */ = {
			isa = XCBuildConfiguration;
			buildSettings = {
				ALWAYS_SEARCH_USER_PATHS = NO;
				CLANG_ANALYZER_NONNULL = YES;
				CLANG_ANALYZER_NUMBER_OBJECT_CONVERSION = YES_AGGRESSIVE;
				CLANG_CXX_LANGUAGE_STANDARD = "gnu++17";
				CLANG_ENABLE_MODULES = YES;
				CLANG_ENABLE_OBJC_ARC = YES;
				CLANG_ENABLE_OBJC_WEAK = YES;
				CLANG_WARN_BLOCK_CAPTURE_AUTORELEASING = YES;
				CLANG_WARN_BOOL_CONVERSION = YES;
				CLANG_WARN_COMMA = YES;
				CLANG_WARN_CONSTANT_CONVERSION = YES;
				CLANG_WARN_DEPRECATED_OBJC_IMPLEMENTATIONS = YES;
				CLANG_WARN_DIRECT_OBJC_ISA_USAGE = YES_ERROR;
				CLANG_WARN_DOCUMENTATION_COMMENTS = YES;
				CLANG_WARN_EMPTY_BODY = YES;
				CLANG_WARN_ENUM_CONVERSION = YES;
				CLANG_WARN_INFINITE_RECURSION = YES;
				CLANG_WARN_INT_CONVERSION = YES;
				CLANG_WARN_NON_LITERAL_NULL_CONVERSION = YES;
				CLANG_WARN_OBJC_IMPLICIT_RETAIN_SELF = YES;
				CLANG_WARN_OBJC_LITERAL_CONVERSION = YES;
				CLANG_WARN_OBJC_ROOT_CLASS = YES_ERROR;
				CLANG_WARN_QUOTED_INCLUDE_IN_FRAMEWORK_HEADER = YES;
				CLANG_WARN_RANGE_LOOP_ANALYSIS = YES;
				CLANG_WARN_STRICT_PROTOTYPES = YES;
				CLANG_WARN_SUSPICIOUS_MOVE = YES;
				CLANG_WARN_UNGUARDED_AVAILABILITY = YES_AGGRESSIVE;
				CLANG_WARN_UNREACHABLE_CODE = YES;
				CLANG_WARN__DUPLICATE_METHOD_MATCH = YES;
				COPY_PHASE_STRIP = NO;
				DEBUG_INFORMATION_FORMAT = dwarf;
				ENABLE_STRICT_OBJC_MSGSEND = YES;
				ENABLE_TESTABILITY = YES;
				GCC_C_LANGUAGE_STANDARD = gnu11;
				GCC_DYNAMIC_NO_PIC = NO;
				GCC_NO_COMMON_BLOCKS = YES;
				GCC_OPTIMIZATION_LEVEL = 0;
				GCC_PREPROCESSOR_DEFINITIONS = (
					"DEBUG=1",
					"$(inherited)",
				);
				GCC_WARN_64_TO_32_BIT_CONVERSION = YES;
				GCC_WARN_ABOUT_RETURN_TYPE = YES_ERROR;
				GCC_WARN_UNDECLARED_SELECTOR = YES;
				GCC_WARN_UNINITIALIZED_AUTOS = YES_AGGRESSIVE;
				GCC_WARN_UNUSED_FUNCTION = YES;
				GCC_WARN_UNUSED_VARIABLE = YES;
				IPHONEOS_DEPLOYMENT_TARGET = 14.0;
				MTL_ENABLE_DEBUG_INFO = INCLUDE_SOURCE;
				MTL_FAST_MATH = YES;
				ONLY_ACTIVE_ARCH = YES;
				SDKROOT = iphoneos;
				SWIFT_ACTIVE_COMPILATION_CONDITIONS = DEBUG;
				SWIFT_OPTIMIZATION_LEVEL = "-Onone";
			};
			name = Debug;
		};
		E49DE8C7289C492A00FBE3F4 /* Release */ = {
			isa = XCBuildConfiguration;
			buildSettings = {
				ALWAYS_SEARCH_USER_PATHS = NO;
				CLANG_ANALYZER_NONNULL = YES;
				CLANG_ANALYZER_NUMBER_OBJECT_CONVERSION = YES_AGGRESSIVE;
				CLANG_CXX_LANGUAGE_STANDARD = "gnu++17";
				CLANG_ENABLE_MODULES = YES;
				CLANG_ENABLE_OBJC_ARC = YES;
				CLANG_ENABLE_OBJC_WEAK = YES;
				CLANG_WARN_BLOCK_CAPTURE_AUTORELEASING = YES;
				CLANG_WARN_BOOL_CONVERSION = YES;
				CLANG_WARN_COMMA = YES;
				CLANG_WARN_CONSTANT_CONVERSION = YES;
				CLANG_WARN_DEPRECATED_OBJC_IMPLEMENTATIONS = YES;
				CLANG_WARN_DIRECT_OBJC_ISA_USAGE = YES_ERROR;
				CLANG_WARN_DOCUMENTATION_COMMENTS = YES;
				CLANG_WARN_EMPTY_BODY = YES;
				CLANG_WARN_ENUM_CONVERSION = YES;
				CLANG_WARN_INFINITE_RECURSION = YES;
				CLANG_WARN_INT_CONVERSION = YES;
				CLANG_WARN_NON_LITERAL_NULL_CONVERSION = YES;
				CLANG_WARN_OBJC_IMPLICIT_RETAIN_SELF = YES;
				CLANG_WARN_OBJC_LITERAL_CONVERSION = YES;
				CLANG_WARN_OBJC_ROOT_CLASS = YES_ERROR;
				CLANG_WARN_QUOTED_INCLUDE_IN_FRAMEWORK_HEADER = YES;
				CLANG_WARN_RANGE_LOOP_ANALYSIS = YES;
				CLANG_WARN_STRICT_PROTOTYPES = YES;
				CLANG_WARN_SUSPICIOUS_MOVE = YES;
				CLANG_WARN_UNGUARDED_AVAILABILITY = YES_AGGRESSIVE;
				CLANG_WARN_UNREACHABLE_CODE = YES;
				CLANG_WARN__DUPLICATE_METHOD_MATCH = YES;
				COPY_PHASE_STRIP = NO;
				DEBUG_INFORMATION_FORMAT = "dwarf-with-dsym";
				ENABLE_NS_ASSERTIONS = NO;
				ENABLE_STRICT_OBJC_MSGSEND = YES;
				GCC_C_LANGUAGE_STANDARD = gnu11;
				GCC_NO_COMMON_BLOCKS = YES;
				GCC_WARN_64_TO_32_BIT_CONVERSION = YES;
				GCC_WARN_ABOUT_RETURN_TYPE = YES_ERROR;
				GCC_WARN_UNDECLARED_SELECTOR = YES;
				GCC_WARN_UNINITIALIZED_AUTOS = YES_AGGRESSIVE;
				GCC_WARN_UNUSED_FUNCTION = YES;
				GCC_WARN_UNUSED_VARIABLE = YES;
				IPHONEOS_DEPLOYMENT_TARGET = 14.0;
				MTL_ENABLE_DEBUG_INFO = NO;
				MTL_FAST_MATH = YES;
				SDKROOT = iphoneos;
				SWIFT_COMPILATION_MODE = wholemodule;
				SWIFT_OPTIMIZATION_LEVEL = "-O";
				VALIDATE_PRODUCT = YES;
			};
			name = Release;
		};
		E49DE8C9289C492A00FBE3F4 /* Debug */ = {
			isa = XCBuildConfiguration;
			baseConfigurationReference = 44333AF3466E85FE84A37C45 /* Pods-CAMMP-MAP.debug.xcconfig */;
			buildSettings = {
				ASSETCATALOG_COMPILER_APPICON_NAME = AppIcon;
				ASSETCATALOG_COMPILER_GLOBAL_ACCENT_COLOR_NAME = AccentColor;
				CODE_SIGN_STYLE = Automatic;
				CURRENT_PROJECT_VERSION = 1;
				DEVELOPMENT_ASSET_PATHS = "\"CAMMP-MAP/Preview Content\"";
				DEVELOPMENT_TEAM = P8J2DS2Z2V;
				ENABLE_PREVIEWS = YES;
				GENERATE_INFOPLIST_FILE = YES;
				INFOPLIST_FILE = "CAMMP-MAP/Info.plist";
				INFOPLIST_KEY_NSLocationWhenInUseUsageDescription = Hola;
				INFOPLIST_KEY_UIApplicationSceneManifest_Generation = YES;
				INFOPLIST_KEY_UIApplicationSupportsIndirectInputEvents = YES;
				INFOPLIST_KEY_UILaunchScreen_Generation = YES;
				INFOPLIST_KEY_UISupportedInterfaceOrientations_iPad = "UIInterfaceOrientationPortrait UIInterfaceOrientationPortraitUpsideDown UIInterfaceOrientationLandscapeLeft UIInterfaceOrientationLandscapeRight";
				INFOPLIST_KEY_UISupportedInterfaceOrientations_iPhone = "UIInterfaceOrientationPortrait UIInterfaceOrientationLandscapeLeft UIInterfaceOrientationLandscapeRight";
				IPHONEOS_DEPLOYMENT_TARGET = 14.0;
				LD_RUNPATH_SEARCH_PATHS = (
					"$(inherited)",
					"@executable_path/Frameworks",
				);
				MARKETING_VERSION = 1.0;
				PRODUCT_BUNDLE_IDENTIFIER = "ulima.pe.CAMMP-MAP";
				PRODUCT_NAME = "$(TARGET_NAME)";
				SWIFT_EMIT_LOC_STRINGS = YES;
				SWIFT_VERSION = 5.0;
				TARGETED_DEVICE_FAMILY = 1;
			};
			name = Debug;
		};
		E49DE8CA289C492A00FBE3F4 /* Release */ = {
			isa = XCBuildConfiguration;
			baseConfigurationReference = DB10843536C7814528EF83B6 /* Pods-CAMMP-MAP.release.xcconfig */;
			buildSettings = {
				ASSETCATALOG_COMPILER_APPICON_NAME = AppIcon;
				ASSETCATALOG_COMPILER_GLOBAL_ACCENT_COLOR_NAME = AccentColor;
				CODE_SIGN_STYLE = Automatic;
				CURRENT_PROJECT_VERSION = 1;
				DEVELOPMENT_ASSET_PATHS = "\"CAMMP-MAP/Preview Content\"";
				DEVELOPMENT_TEAM = P8J2DS2Z2V;
				ENABLE_PREVIEWS = YES;
				GENERATE_INFOPLIST_FILE = YES;
				INFOPLIST_FILE = "CAMMP-MAP/Info.plist";
				INFOPLIST_KEY_NSLocationWhenInUseUsageDescription = Hola;
				INFOPLIST_KEY_UIApplicationSceneManifest_Generation = YES;
				INFOPLIST_KEY_UIApplicationSupportsIndirectInputEvents = YES;
				INFOPLIST_KEY_UILaunchScreen_Generation = YES;
				INFOPLIST_KEY_UISupportedInterfaceOrientations_iPad = "UIInterfaceOrientationPortrait UIInterfaceOrientationPortraitUpsideDown UIInterfaceOrientationLandscapeLeft UIInterfaceOrientationLandscapeRight";
				INFOPLIST_KEY_UISupportedInterfaceOrientations_iPhone = "UIInterfaceOrientationPortrait UIInterfaceOrientationLandscapeLeft UIInterfaceOrientationLandscapeRight";
				IPHONEOS_DEPLOYMENT_TARGET = 14.0;
				LD_RUNPATH_SEARCH_PATHS = (
					"$(inherited)",
					"@executable_path/Frameworks",
				);
				MARKETING_VERSION = 1.0;
				PRODUCT_BUNDLE_IDENTIFIER = "ulima.pe.CAMMP-MAP";
				PRODUCT_NAME = "$(TARGET_NAME)";
				SWIFT_EMIT_LOC_STRINGS = YES;
				SWIFT_VERSION = 5.0;
				TARGETED_DEVICE_FAMILY = 1;
			};
			name = Release;
		};
/* End XCBuildConfiguration section */

/* Begin XCConfigurationList section */
		E49DE8B5289C492900FBE3F4 /* Build configuration list for PBXProject "CAMMP-MAP" */ = {
			isa = XCConfigurationList;
			buildConfigurations = (
				E49DE8C6289C492A00FBE3F4 /* Debug */,
				E49DE8C7289C492A00FBE3F4 /* Release */,
			);
			defaultConfigurationIsVisible = 0;
			defaultConfigurationName = Release;
		};
		E49DE8C8289C492A00FBE3F4 /* Build configuration list for PBXNativeTarget "CAMMP-MAP" */ = {
			isa = XCConfigurationList;
			buildConfigurations = (
				E49DE8C9289C492A00FBE3F4 /* Debug */,
				E49DE8CA289C492A00FBE3F4 /* Release */,
			);
			defaultConfigurationIsVisible = 0;
			defaultConfigurationName = Release;
		};
/* End XCConfigurationList section */
	};
	rootObject = E49DE8B2289C492900FBE3F4 /* Project object */;
}
